#MicroXplorer Configuration settings - do not modify
RCC.USART1Freq_Value=80000000
NVIC.I2C1_EV_IRQn=true\:5\:0\:false\:false\:true\:true\:true\:true
I2C1.I2C_Speed_Mode=I2C_Standard
SPI1.VirtualType=VM_MASTER
SPI2.VirtualType=VM_MASTER
PB10.Mode=I2C
FREERTOS.configUSE_DAEMON_TASK_STARTUP_HOOK=0
I2C1.GeneralCallMode=I2C_GENERALCALL_DISABLE
I2C1.I2C_Rise_Time=0
I2C2.NoStretchMode=I2C_NOSTRETCH_DISABLE
PA15\ (JTDI).Signal=S_TIM2_CH1
USART1.IPParameters=VirtualMode-Asynchronous
SPI1.TIMode=SPI_TIMODE_DISABLE
PB13.Signal=SPI2_SCK
PinOutPanel.RotationAngle=0
RCC.MCO1PinFreq_Value=80000000
RCC.SYSCLKSource=RCC_SYSCLKSOURCE_PLLCLK
PA14\ (JTCK-SWCLK).Signal=SYS_JTCK-SWCLK
RCC.LPTIM1Freq_Value=80000000
NVIC.SVCall_IRQn=true\:0\:0\:false\:false\:false\:false\:false\:false
FREERTOS.configENABLE_FPU=1
FREERTOS.INCLUDE_pcTaskGetTaskName=0
SPI1.Direction=SPI_DIRECTION_2LINES
TIM2.IPParameters=Channel-PWM Generation1 CH1,Channel-PWM Generation2 CH2,Prescaler,Period,Pulse-PWM Generation1 CH1,Pulse-PWM Generation2 CH2
I2C2.I2C_Speed_Mode=I2C_Standard
RCC.APB2TimFreq_Value=80000000
PB6.Signal=USART1_TX
Dma.ADC1.0.Direction=DMA_PERIPH_TO_MEMORY
ADC1.Channel-2\#ChannelRegularConversion=ADC_CHANNEL_7
PB6.Mode=Asynchronous
I2C1.AddressingMode=I2C_ADDRESSINGMODE_7BIT
SPI1.CalculateBaudRate=20.0 MBits/s
I2C2.CustomTiming=Disabled
FREERTOS.configMINIMAL_STACK_SIZE=128
Dma.ADC1.0.MemDataAlignment=DMA_MDATAALIGN_WORD
RCC.USART3Freq_Value=80000000
ProjectManager.ProjectBuild=false
NVIC.UsageFault_IRQn=true\:0\:0\:false\:false\:true\:false\:false\:false
PB2.Signal=GPIO_Output
PA8.Locked=true
TIM15.Period=40000
PB12.GPIO_Label=SPI2_CS
ProjectManager.FirmwarePackage=STM32Cube FW_L4 V1.16.0
MxDb.Version=DB.6.0.10
PB0.GPIOParameters=GPIO_Label
I2C1.NoStretchMode=I2C_NOSTRETCH_DISABLE
ProjectManager.BackupPrevious=false
FREERTOS.INCLUDE_xQueueGetMutexHolder=1
TIM15.Channel-PWM\ Generation2\ CH2=TIM_CHANNEL_2
PB14.Mode=Full_Duplex_Master
FREERTOS.HEAP_NUMBER=4
PB1.GPIO_Label=IMU1_CS
Dma.ADC1.0.PeriphInc=DMA_PINC_DISABLE
SPI1.DataSize=SPI_DATASIZE_8BIT
SPI2.CalculateBaudRate=20.0 MBits/s
PA8.Signal=GPIO_Input
RCC.PLLRCLKFreq_Value=80000000
NVIC.PendSV_IRQn=true\:15\:0\:false\:false\:false\:true\:false\:false
PB6.Locked=true
NVIC.I2C1_ER_IRQn=true\:5\:0\:false\:false\:true\:true\:true\:true
SPI1.NSS=SPI_NSS_SOFT
ProjectManager.HalAssertFull=false
ADC1.SamplingTime-0\#ChannelRegularConversion=ADC_SAMPLETIME_92CYCLES_5
PA0.Signal=ADCx_IN5
Mcu.Package=LQFP48
PB9.Signal=GPIO_Output
TIM2.Prescaler=7
PB1.Signal=GPIO_Output
I2C2.I2C_Fall_Time=0
FREERTOS.configUSE_NEWLIB_REENTRANT=0
PA5.Locked=true
NVIC.TimeBase=TIM1_UP_TIM16_IRQn
SPI2.Mode=SPI_MODE_MASTER
FREERTOS.INCLUDE_vTaskSuspend=1
I2C2.I2C_Rise_Time=0
NVIC.TimeBaseIP=TIM1
RCC.LSCOPinFreq_Value=32000
PA10.Signal=I2C1_SDA
FREERTOS.FootprintOK=true
FREERTOS.copyHeapFile=1
SH.ADCx_IN9.0=ADC1_IN9,IN9-Single-Ended
TIM2.Pulse-PWM\ Generation2\ CH2=0
FREERTOS.INCLUDE_vTaskPrioritySet=1
RCC.PLLPoutputFreq_Value=22857142.85714286
RCC.APB1TimFreq_Value=80000000
FREERTOS.configGENERATE_RUN_TIME_STATS=0
NVIC.BusFault_IRQn=true\:0\:0\:false\:false\:true\:false\:false\:false
RCC.LPUART1Freq_Value=80000000
SH.ADCx_IN9.ConfNb=1
PB13.Mode=Full_Duplex_Master
I2C1.CustomTiming=Disabled
PA13\ (JTMS-SWDIO).Signal=SYS_JTMS-SWDIO
PH0-OSC_IN\ (PH0).Mode=HSE-External-Oscillator
ProjectManager.CustomerFirmwarePackage=
RCC.HSI48_VALUE=48000000
PA5.Mode=Full_Duplex_Master
FREERTOS.INCLUDE_xTimerPendFunctionCall=1
FREERTOS.configTIMER_QUEUE_LENGTH=10
RCC.PLLQoutputFreq_Value=80000000
ProjectManager.ProjectFileName=cats_rev1.ioc
Dma.ADC1.0.Instance=DMA1_Channel1
FREERTOS.configIDLE_SHOULD_YIELD=1
PC15-OSC32_OUT\ (PC15).GPIO_Label=LED_FAULT
FREERTOS.Tasks01=task_init_name,24,256,task_init,As weak,NULL,Static,task_init_buffer,task_init_control_block
ADC1.Rank-0\#ChannelRegularConversion=1
I2C2.I2C_Coeff_DF=0
Mcu.PinsNb=40
SH.ADCx_IN6.0=ADC1_IN6,IN6-Single-Ended
I2C1.I2C_Fall_Time=0
ADC1.IPParameters=Rank-0\#ChannelRegularConversion,Channel-0\#ChannelRegularConversion,SamplingTime-0\#ChannelRegularConversion,OffsetNumber-0\#ChannelRegularConversion,NbrOfConversionFlag,master,ContinuousConvMode,Rank-1\#ChannelRegularConversion,Channel-1\#ChannelRegularConversion,SamplingTime-1\#ChannelRegularConversion,OffsetNumber-1\#ChannelRegularConversion,Rank-2\#ChannelRegularConversion,Channel-2\#ChannelRegularConversion,SamplingTime-2\#ChannelRegularConversion,OffsetNumber-2\#ChannelRegularConversion,Rank-3\#ChannelRegularConversion,Channel-3\#ChannelRegularConversion,SamplingTime-3\#ChannelRegularConversion,OffsetNumber-3\#ChannelRegularConversion,NbrOfConversion,DMAContinuousRequests
FREERTOS.INCLUDE_xTaskGetCurrentTaskHandle=0
PC13.Locked=true
FREERTOS.configLIBRARY_LOWEST_INTERRUPT_PRIORITY=15
ADC1.OffsetNumber-0\#ChannelRegularConversion=ADC_OFFSET_NONE
PC13.Signal=GPIO_Output
FREERTOS.INCLUDE_vTaskDelayUntil=1
RCC.SWPMI1Freq_Value=80000000
FREERTOS.configCHECK_FOR_STACK_OVERFLOW=0
SPI1.CLKPhase=SPI_PHASE_1EDGE
PC14-OSC32_IN\ (PC14).GPIO_Label=LED_STATUS
I2C2.OwnAddress=0
PB8.GPIO_Label=GPIO_1
PA8.GPIO_Label=BUTTON
PB11.Mode=I2C
I2C1.I2C_Coeff_DF=0
SH.ADCx_IN7.0=ADC1_IN7,IN7-Single-Ended
Dma.ADC1.0.Priority=DMA_PRIORITY_LOW
PA9.Signal=I2C1_SCL
SH.S_TIM2_CH2.ConfNb=1
I2C1.Timing=0x10909CEC
PB5.Locked=true
PB9.Locked=true
NVIC.I2C2_ER_IRQn=true\:5\:0\:false\:false\:true\:true\:true\:true
RCC.PLLSAI1PoutputFreq_Value=13714285.714285715
PB10.Signal=I2C2_SCL
PB14.Signal=SPI2_MISO
PA5.Signal=SPI1_SCK
FREERTOS.configUSE_POSIX_ERRNO=0
ProjectManager.LastFirmware=true
SH.S_TIM15_CH2.ConfNb=1
SPI1.CRCCalculation=SPI_CRCCALCULATION_DISABLE
Mcu.Pin37=VP_FREERTOS_VS_CMSIS_V2
Mcu.Pin38=VP_SYS_VS_tim1
Mcu.Pin35=PB8
RCC.I2C1Freq_Value=80000000
Mcu.Pin36=PB9
VP_SYS_VS_tim1.Signal=SYS_VS_tim1
SPI1.Mode=SPI_MODE_MASTER
Mcu.Pin39=VP_USB_DEVICE_VS_USB_DEVICE_CDC_FS
RCC.RNGFreq_Value=48000000
FREERTOS.configUSE_CO_ROUTINES=0
Mcu.Pin30=PB3 (JTDO-TRACESWO)
Mcu.Pin33=PB6
Mcu.Pin34=PB7
Mcu.Pin31=PB4 (NJTRST)
Mcu.Pin32=PB5
NVIC.NonMaskableInt_IRQn=true\:0\:0\:false\:false\:true\:false\:false\:false
FREERTOS.configUSE_MUTEXES=1
FREERTOS.INCLUDE_xEventGroupSetBitFromISR=0
ADC1.DMAContinuousRequests=ENABLE
TIM2.Period=199999
FREERTOS.configMAX_CO_ROUTINE_PRIORITIES=2
ProjectManager.FreePins=false
FREERTOS.INCLUDE_xTaskResumeFromISR=1
RCC.LPTIM2Freq_Value=80000000
Mcu.Pin26=PA12
Mcu.Pin27=PA13 (JTMS-SWDIO)
SPI1.NSSPMode=SPI_NSS_PULSE_ENABLE
Mcu.Pin24=PA10
FREERTOS.INCLUDE_uxTaskGetStackHighWaterMark2=0
ProjectManager.UnderRoot=true
Mcu.Pin25=PA11
Mcu.Pin28=PA14 (JTCK-SWCLK)
Mcu.Pin29=PA15 (JTDI)
PA13\ (JTMS-SWDIO).Mode=Serial_Wire
ADC1.SamplingTime-1\#ChannelRegularConversion=ADC_SAMPLETIME_92CYCLES_5
PA4.Signal=ADCx_IN9
FREERTOS.configLIBRARY_MAX_SYSCALL_INTERRUPT_PRIORITY=5
PB5.Signal=GPIO_Output
Mcu.Pin22=PA8
Mcu.Pin23=PA9
Mcu.Pin20=PB14
ADC1.master=1
Mcu.Pin21=PB15
FREERTOS.configUSE_COUNTING_SEMAPHORES=1
NVIC.ForceEnableDMAVector=true
NVIC.MemoryManagement_IRQn=true\:0\:0\:false\:false\:true\:false\:false\:false
ProjectManager.CompilerOptimize=6
ADC1.Rank-1\#ChannelRegularConversion=2
PA11.Signal=USB_DM
ProjectManager.HeapSize=0x200
Mcu.Pin15=PB2
NVIC.HardFault_IRQn=true\:0\:0\:false\:false\:true\:false\:false\:false
Mcu.Pin16=PB10
Mcu.Pin13=PB0
Mcu.Pin14=PB1
FREERTOS.configUSE_RECURSIVE_MUTEXES=1
Mcu.Pin19=PB13
ProjectManager.ComputerToolchain=false
Mcu.Pin17=PB11
Mcu.Pin18=PB12
SH.ADCx_IN5.0=ADC1_IN5,IN5-Single-Ended
NVIC.PriorityGroup=NVIC_PRIORITYGROUP_4
Mcu.Pin11=PA6
Mcu.Pin12=PA7
Mcu.Pin10=PA5
USB.phy_itface=PCD_PHY_EMBEDDED
RCC.PWRFreq_Value=80000000
SPI2.DataSize=SPI_DATASIZE_8BIT
SH.ADCx_IN5.ConfNb=1
PB4\ (NJTRST).GPIO_Label=PYRO_1
NVIC.DMA1_Channel1_IRQn=true\:5\:0\:false\:false\:true\:true\:false\:true
RCC.I2C2Freq_Value=80000000
PB0.Signal=GPIO_Output
PB12.GPIOParameters=GPIO_Speed,GPIO_Label
USB.Sof_enable=DISABLE
Mcu.Family=STM32L4
ProjectManager.MainLocation=Core/Src
I2C2.IPParameters=CustomTiming,I2C_Speed_Mode,Speed,I2C_Rise_Time,I2C_Fall_Time,I2C_Coeff_DF,Analog_Filter,NoStretchMode,GeneralCallMode,AddressingMode,DualAddressMode,OwnAddress,Timing
PA6.Mode=Full_Duplex_Master
USB_DEVICE.CLASS_NAME_FS=CDC
RCC.SAI1Freq_Value=13714285.714285715
RCC.CortexFreq_Value=80000000
FREERTOS.INCLUDE_xTaskGetSchedulerState=1
ProjectManager.KeepUserCode=true
Mcu.UserName=STM32L433CCTx
NVIC.USB_IRQn=true\:5\:0\:false\:false\:true\:true\:true\:true
ADC1.ContinuousConvMode=ENABLE
PH0-OSC_IN\ (PH0).Signal=RCC_OSC_IN
RCC.PLLSAI1RoutputFreq_Value=48000000
I2C2.Timing=0x10909CEC
ProjectManager.functionlistsort=1-MX_GPIO_Init-GPIO-false-HAL-true,2-MX_DMA_Init-DMA-false-HAL-true,3-SystemClock_Config-RCC-false-HAL-false,4-MX_I2C1_Init-I2C1-false-HAL-true,5-MX_I2C2_Init-I2C2-false-HAL-true,6-MX_SPI1_Init-SPI1-false-HAL-true,7-MX_USB_DEVICE_Init-USB_DEVICE-false-HAL-false,8-MX_ADC1_Init-ADC1-false-HAL-true,9-MX_SPI2_Init-SPI2-false-HAL-true,10-MX_TIM2_Init-TIM2-false-HAL-true,11-MX_USART1_UART_Init-USART1-false-HAL-true,12-MX_TIM15_Init-TIM15-false-HAL-true
PA11.Mode=Device
PB0.GPIO_Label=IMU0_CS
FREERTOS.configTICK_RATE_HZ=1000
RCC.USART2Freq_Value=80000000
I2C2.DualAddressMode=I2C_DUALADDRESS_DISABLE
TIM2.Channel-PWM\ Generation2\ CH2=TIM_CHANNEL_2
PC13.GPIO_Label=PYRO_3
PB11.Signal=I2C2_SDA
USB.lpm_enable=DISABLE
PB15.Signal=SPI2_MOSI
FREERTOS.configUSE_TASK_NOTIFICATIONS=1
ProjectManager.StackSize=0x400
PB3\ (JTDO-TRACESWO).Signal=S_TIM2_CH2
PB5.GPIOParameters=GPIO_Label
VP_FREERTOS_VS_CMSIS_V2.Mode=CMSIS_V2
SH.S_TIM15_CH2.0=TIM15_CH2,PWM Generation2 CH2
RCC.I2C3Freq_Value=80000000
Mcu.IP4=I2C2
Mcu.IP5=NVIC
RCC.FCLKCortexFreq_Value=80000000
I2C1.IPParameters=CustomTiming,I2C_Speed_Mode,Speed,I2C_Rise_Time,I2C_Fall_Time,I2C_Coeff_DF,Analog_Filter,NoStretchMode,GeneralCallMode,AddressingMode,DualAddressMode,OwnAddress,Timing
Mcu.IP2=FREERTOS
Mcu.IP3=I2C1
Mcu.IP0=ADC1
Mcu.IP1=DMA
PA12.Signal=USB_DP
PC15-OSC32_OUT\ (PC15).GPIOParameters=GPIO_Label
SPI1.CLKPolarity=SPI_POLARITY_LOW
Mcu.UserConstants=
RCC.VCOSAI1OutputFreq_Value=96000000
TIM15.Prescaler=1
Mcu.ThirdPartyNb=0
FREERTOS.configUSE_STATS_FORMATTING_FUNCTIONS=0
ADC1.Channel-3\#ChannelRegularConversion=ADC_CHANNEL_9
RCC.HCLKFreq_Value=80000000
RCC.FLatency=FLASH_LATENCY_4
Mcu.IPNb=15
ProjectManager.PreviousToolchain=STM32CubeIDE
FREERTOS.configUSE_MALLOC_FAILED_HOOK=0
PA8.GPIOParameters=GPIO_Label
SH.ADCx_IN7.ConfNb=1
Mcu.Pin6=PA1
FREERTOS.configQUEUE_REGISTRY_SIZE=8
Mcu.Pin7=PA2
Mcu.Pin8=PA3
Mcu.Pin9=PA4
FREERTOS.IPParameters=Tasks01,FootprintOK,configENABLE_FPU,configUSE_PREEMPTION,configTICK_RATE_HZ,configMINIMAL_STACK_SIZE,configMAX_TASK_NAME_LEN,configIDLE_SHOULD_YIELD,configUSE_MUTEXES,configUSE_RECURSIVE_MUTEXES,configUSE_COUNTING_SEMAPHORES,configQUEUE_REGISTRY_SIZE,configUSE_APPLICATION_TASK_TAG,configTOTAL_HEAP_SIZE,HEAP_NUMBER,configUSE_IDLE_HOOK,configUSE_TICK_HOOK,configUSE_MALLOC_FAILED_HOOK,configUSE_DAEMON_TASK_STARTUP_HOOK,configCHECK_FOR_STACK_OVERFLOW,configGENERATE_RUN_TIME_STATS,configUSE_TRACE_FACILITY,configUSE_STATS_FORMATTING_FUNCTIONS,configUSE_CO_ROUTINES,configMAX_CO_ROUTINE_PRIORITIES,configTIMER_TASK_PRIORITY,configTIMER_QUEUE_LENGTH,configTIMER_TASK_STACK_DEPTH,configLIBRARY_LOWEST_INTERRUPT_PRIORITY,configLIBRARY_MAX_SYSCALL_INTERRUPT_PRIORITY,INCLUDE_vTaskPrioritySet,INCLUDE_uxTaskPriorityGet,INCLUDE_vTaskDelete,INCLUDE_vTaskCleanUpResources,INCLUDE_vTaskSuspend,INCLUDE_vTaskDelayUntil,INCLUDE_vTaskDelay,INCLUDE_xTaskGetSchedulerState,INCLUDE_xTaskResumeFromISR,INCLUDE_xQueueGetMutexHolder,INCLUDE_xSemaphoreGetMutexHolder,INCLUDE_pcTaskGetTaskName,INCLUDE_uxTaskGetStackHighWaterMark,INCLUDE_xTaskGetCurrentTaskHandle,INCLUDE_eTaskGetState,INCLUDE_xEventGroupSetBitFromISR,INCLUDE_xTimerPendFunctionCall,configENABLE_BACKWARD_COMPATIBILITY,configUSE_TICKLESS_IDLE,configUSE_TASK_NOTIFICATIONS,INCLUDE_xTaskAbortDelay,INCLUDE_xTaskGetHandle,configRECORD_STACK_HIGH_ADDRESS,configUSE_NEWLIB_REENTRANT,copyHeapFile,INCLUDE_uxTaskGetStackHighWaterMark2,configUSE_POSIX_ERRNO
RCC.AHBFreq_Value=80000000
SPI2.BaudRatePrescaler=SPI_BAUDRATEPRESCALER_4
Mcu.Pin0=PC13
Mcu.Pin1=PC14-OSC32_IN (PC14)
GPIO.groupedBy=Group By Peripherals
Mcu.Pin2=PC15-OSC32_OUT (PC15)
FREERTOS.configUSE_PREEMPTION=1
Mcu.Pin3=PH0-OSC_IN (PH0)
Mcu.Pin4=PH1-OSC_OUT (PH1)
Mcu.Pin5=PA0
ADC1.Channel-0\#ChannelRegularConversion=ADC_CHANNEL_5
PH1-OSC_OUT\ (PH1).Mode=HSE-External-Oscillator
RCC.HSE_VALUE=8000000
NVIC.DebugMonitor_IRQn=true\:0\:0\:false\:false\:true\:false\:false\:false
Mcu.IP10=TIM2
NVIC.SysTick_IRQn=true\:15\:0\:false\:false\:false\:true\:false\:true
Mcu.IP12=USART1
Mcu.IP11=TIM15
FREERTOS.configENABLE_BACKWARD_COMPATIBILITY=1
ADC1.Rank-2\#ChannelRegularConversion=3
Mcu.IP14=USB_DEVICE
Mcu.IP13=USB
RCC.VCOInputFreq_Value=8000000
VP_SYS_VS_tim1.Mode=TIM1
File.Version=6
SH.S_TIM2_CH1.ConfNb=1
PB7.Signal=USART1_RX
PB8.Locked=true
FREERTOS.INCLUDE_vTaskCleanUpResources=0
TIM2.Channel-PWM\ Generation1\ CH1=TIM_CHANNEL_1
SPI1.FirstBit=SPI_FIRSTBIT_MSB
SH.ADCx_IN6.ConfNb=1
Dma.RequestsNb=1
FREERTOS.configTIMER_TASK_PRIORITY=2
PB0.Locked=true
FREERTOS.configTOTAL_HEAP_SIZE=6000
ProjectManager.ProjectName=cats_rev1
USB.battery_charging_enable=DISABLE
PB4\ (NJTRST).Locked=true
PA6.Signal=SPI1_MISO
FREERTOS.INCLUDE_xTaskAbortDelay=0
ProjectManager.ToolChainLocation=
RCC.LSI_VALUE=32000
ADC1.OffsetNumber-1\#ChannelRegularConversion=ADC_OFFSET_NONE
VP_USB_DEVICE_VS_USB_DEVICE_CDC_FS.Signal=USB_DEVICE_VS_USB_DEVICE_CDC_FS
USB.DeviceSpeed=PCD_SPEED_FULL
PC14-OSC32_IN\ (PC14).Locked=true
PB5.GPIO_Label=PYRO_2
FREERTOS.configUSE_TICK_HOOK=0
SPI2.Direction=SPI_DIRECTION_2LINES
I2C2.GeneralCallMode=I2C_GENERALCALL_DISABLE
FREERTOS.configMAX_TASK_NAME_LEN=16
Dma.Request0=ADC1
SPI1.BaudRatePrescaler=SPI_BAUDRATEPRESCALER_4
RCC.PLLSAI1N=12
PA3.Signal=S_TIM15_CH2
RCC.MSI_VALUE=4000000
RCC.PLLSourceVirtual=RCC_PLLSOURCE_HSE
PA14\ (JTCK-SWCLK).Mode=Serial_Wire
I2C1.Speed=100
SH.S_TIM2_CH1.0=TIM2_CH1,PWM Generation1 CH1
PB8.GPIOParameters=GPIO_Label
PA7.Mode=Full_Duplex_Master
PB9.GPIO_Label=GPIO_2
PA10.Mode=I2C
ProjectManager.NoMain=false
SPI1.IPParameters=TIMode,DataSize,FirstBit,BaudRatePrescaler,CLKPolarity,CLKPhase,CRCCalculation,NSSPMode,NSS,VirtualType,Mode,Direction,CalculateBaudRate
USB_DEVICE.VirtualModeFS=Cdc_FS
NVIC.SavedSvcallIrqHandlerGenerated=true
FREERTOS.configUSE_TICKLESS_IDLE=0
ADC1.OffsetNumber-3\#ChannelRegularConversion=ADC_OFFSET_NONE
ProjectManager.DefaultFWLocation=true
PC15-OSC32_OUT\ (PC15).Signal=GPIO_Output
FREERTOS.INCLUDE_vTaskDelay=1
USB.IPParameters=DeviceSpeed,phy_itface,Sof_enable,low_power_enable,lpm_enable,battery_charging_enable
PB12.Locked=true
ProjectManager.DeletePrevious=true
FREERTOS.configUSE_APPLICATION_TASK_TAG=0
USB_DEVICE.IPParameters=VirtualMode,VirtualModeFS,CLASS_NAME_FS
ADC1.SamplingTime-2\#ChannelRegularConversion=ADC_SAMPLETIME_92CYCLES_5
I2C1.Analog_Filter=I2C_ANALOGFILTER_ENABLE
RCC.FamilyName=M
PH1-OSC_OUT\ (PH1).Signal=RCC_OSC_OUT
TIM2.Pulse-PWM\ Generation1\ CH1=0
FREERTOS.INCLUDE_uxTaskGetStackHighWaterMark=1
PB9.GPIOParameters=GPIO_Label
I2C1.DualAddressMode=I2C_DUALADDRESS_DISABLE
USART1.VirtualMode-Asynchronous=VM_ASYNC
FREERTOS.configUSE_IDLE_HOOK=0
FREERTOS.INCLUDE_vTaskDelete=1
SH.S_TIM2_CH2.0=TIM2_CH2,PWM Generation2 CH2
Dma.ADC1.0.PeriphDataAlignment=DMA_PDATAALIGN_WORD
PB4\ (NJTRST).GPIOParameters=GPIO_Label
PA9.Mode=I2C
FREERTOS.configRECORD_STACK_HIGH_ADDRESS=0
ProjectManager.TargetToolchain=STM32CubeIDE
FREERTOS.configUSE_TRACE_FACILITY=1
FREERTOS.configTIMER_TASK_STACK_DEPTH=256
I2C2.Analog_Filter=I2C_ANALOGFILTER_ENABLE
Dma.ADC1.0.Mode=DMA_CIRCULAR
VP_USB_DEVICE_VS_USB_DEVICE_CDC_FS.Mode=CDC_FS
PB2.GPIOParameters=GPIO_Label
ADC1.Channel-1\#ChannelRegularConversion=ADC_CHANNEL_6
SPI2.IPParameters=VirtualType,Mode,Direction,CalculateBaudRate,DataSize,BaudRatePrescaler
ProjectManager.RegisterCallBack=
PC15-OSC32_OUT\ (PC15).Locked=true
RCC.USBFreq_Value=48000000
RCC.LSE_VALUE=32768
TIM15.IPParameters=Channel-PWM Generation2 CH2,Period,Prescaler
PA1.Signal=ADCx_IN6
PB12.GPIO_Speed=GPIO_SPEED_FREQ_VERY_HIGH
PB1.Locked=true
board=custom
RCC.VCOOutputFreq_Value=160000000
USB.low_power_enable=DISABLE
PB15.Mode=Full_Duplex_Master
FREERTOS.INCLUDE_eTaskGetState=1
Dma.ADC1.0.RequestParameters=Instance,Direction,PeriphInc,MemInc,PeriphDataAlignment,MemDataAlignment,Mode,Priority
NVIC.SavedSystickIrqHandlerGenerated=true
RCC.APB2Freq_Value=80000000
MxCube.Version=6.1.0
PC13.GPIOParameters=GPIO_Label
RCC.PLLSAI1QoutputFreq_Value=48000000
RCC.ADCFreq_Value=48000000
ADC1.NbrOfConversion=4
FREERTOS.INCLUDE_uxTaskPriorityGet=1
ADC1.OffsetNumber-2\#ChannelRegularConversion=ADC_OFFSET_NONE
I2C2.Speed=100
RCC.IPParameters=ADCFreq_Value,AHBFreq_Value,APB1Freq_Value,APB1TimFreq_Value,APB2Freq_Value,APB2TimFreq_Value,CortexFreq_Value,FCLKCortexFreq_Value,FLatency,FamilyName,HCLKFreq_Value,HSE_VALUE,HSI48_VALUE,HSI_VALUE,I2C1Freq_Value,I2C2Freq_Value,I2C3Freq_Value,LPTIM1Freq_Value,LPTIM2Freq_Value,LPUART1Freq_Value,LSCOPinFreq_Value,LSE_VALUE,LSI_VALUE,MCO1PinFreq_Value,MSI_VALUE,PLLN,PLLPoutputFreq_Value,PLLQoutputFreq_Value,PLLRCLKFreq_Value,PLLSAI1N,PLLSAI1PoutputFreq_Value,PLLSAI1QoutputFreq_Value,PLLSAI1RoutputFreq_Value,PLLSourceVirtual,PWRFreq_Value,RNGFreq_Value,SAI1Freq_Value,SWPMI1Freq_Value,SYSCLKFreq_VALUE,SYSCLKSource,USART1Freq_Value,USART2Freq_Value,USART3Freq_Value,USBFreq_Value,VCOInputFreq_Value,VCOOutputFreq_Value,VCOSAI1OutputFreq_Value
ProjectManager.AskForMigrate=true
Mcu.Name=STM32L433C(B-C)Tx
FREERTOS.INCLUDE_xSemaphoreGetMutexHolder=0
NVIC.SavedPendsvIrqHandlerGenerated=true
PA2.Signal=ADCx_IN7
PB2.Locked=true
I2C1.OwnAddress=0
Mcu.IP8=SPI2
VP_FREERTOS_VS_CMSIS_V2.Signal=FREERTOS_VS_CMSIS_V2
Mcu.IP9=SYS
Mcu.IP6=RCC
Mcu.IP7=SPI1
ProjectManager.CoupleFile=false
RCC.SYSCLKFreq_VALUE=80000000
PA12.Mode=Device
ADC1.Rank-3\#ChannelRegularConversion=4
ADC1.SamplingTime-3\#ChannelRegularConversion=ADC_SAMPLETIME_92CYCLES_5
KeepUserPlacement=false
PC14-OSC32_IN\ (PC14).Signal=GPIO_Output
PB7.Mode=Asynchronous
Dma.ADC1.0.MemInc=DMA_MINC_ENABLE
PB2.GPIO_Label=IMU2_CS
FREERTOS.INCLUDE_xTaskGetHandle=0
NVIC.I2C2_EV_IRQn=true\:5\:0\:false\:false\:true\:true\:true\:true
RCC.HSI_VALUE=16000000
PC14-OSC32_IN\ (PC14).GPIOParameters=GPIO_Label
NVIC.TIM1_UP_TIM16_IRQn=true\:0\:0\:false\:false\:true\:false\:true\:true
ADC1.NbrOfConversionFlag=1
RCC.PLLN=20
PB7.Locked=true
PB8.Signal=GPIO_Output
I2C2.AddressingMode=I2C_ADDRESSINGMODE_7BIT
RCC.APB1Freq_Value=80000000
USB_DEVICE.VirtualMode=Cdc
ProjectManager.DeviceId=STM32L433CCTx
PB12.Signal=GPIO_Output
ProjectManager.LibraryCopy=1
PB1.GPIOParameters=GPIO_Label
PA7.Signal=SPI1_MOSI
PB4\ (NJTRST).Signal=GPIO_Output
