#MicroXplorer Configuration settings - do not modify
PC7.GPIOParameters=GPIO_Speed,PinState,GPIO_Label
PA15\ (JTDI).GPIOParameters=GPIO_Label
RCC.USART1Freq_Value=80000000
SPI1.VirtualType=VM_MASTER
SPI2.VirtualType=VM_MASTER
PB10.Mode=Single Bank 1
PC12.Locked=true
PC12.Signal=GPIO_Output
PC7.Locked=true
PC6.GPIO_Label=CS_BARO1
VP_RTC_VS_RTC_Activate.Mode=RTC_Enabled
PC3.Locked=true
PB6.GPIO_Label=INT_ACC
PA15\ (JTDI).Signal=GPIO_Output
PD2.GPIOParameters=GPIO_Speed,PinState,GPIO_Label
PC15-OSC32_OUT\ (PC15).Mode=LSE-External-Oscillator
USART1.IPParameters=VirtualMode-Asynchronous
PB13.Signal=SPI2_SCK
PA2.GPIOParameters=GPIO_Label
PinOutPanel.RotationAngle=0
RCC.MCO1PinFreq_Value=80000000
RCC.SYSCLKSource=RCC_SYSCLKSOURCE_PLLCLK
PC14-OSC32_IN\ (PC14).Mode=LSE-External-Oscillator
PA14\ (JTCK-SWCLK).Signal=SYS_JTCK-SWCLK
RCC.LPTIM1Freq_Value=80000000
NVIC.SVCall_IRQn=true\:0\:0\:false\:false\:false\:false\:false\:false
SPI1.Direction=SPI_DIRECTION_2LINES
TIM2.IPParameters=Channel-PWM Generation1 CH1,Channel-PWM Generation2 CH2
RCC.APB2TimFreq_Value=80000000
PB6.Signal=GPIO_Input
PC7.Signal=GPIO_Output
PB12.PinState=GPIO_PIN_SET
SPI1.CalculateBaudRate=2.5 MBits/s
PC3.Signal=ADCx_IN4
QUADSPI.FlashSize=24
PB13.Locked=true
RCC.USART3Freq_Value=80000000
ProjectManager.ProjectBuild=false
NVIC.UsageFault_IRQn=true\:0\:0\:false\:false\:true\:false\:false\:false
PA0.Locked=true
PB2.Signal=GPIO_Output
PA8.Locked=true
PA4.Locked=true
PB12.GPIO_Label=CS_BARO3
ProjectManager.FirmwarePackage=STM32Cube FW_L4 V1.16.0
MxDb.Version=DB.6.0.10
PA1.GPIOParameters=GPIO_Label
ProjectManager.BackupPrevious=false
TIM15.Channel-PWM\ Generation2\ CH2=TIM_CHANNEL_2
SH.ADCx_IN1.ConfNb=1
PB14.Mode=Full_Duplex_Master
SPI1.DataSize=SPI_DATASIZE_8BIT
SPI2.CalculateBaudRate=20.0 MBits/s
PC11.GPIO_Speed=GPIO_SPEED_FREQ_HIGH
PA8.Signal=GPIO_Output
RCC.PLLRCLKFreq_Value=80000000
SH.ADCx_IN4.ConfNb=1
PB6.Locked=true
NVIC.PendSV_IRQn=true\:15\:0\:false\:false\:false\:true\:false\:false
ProjectManager.HalAssertFull=false
ADC1.SamplingTime-0\#ChannelRegularConversion=ADC_SAMPLETIME_2CYCLES_5
PA0.Signal=S_TIM2_CH1
PC8.GPIOParameters=GPIO_Label
Mcu.Package=LQFP64
PB9.Signal=CAN1_TX
PB1.Signal=QUADSPI_BK1_IO0
PA5.Locked=true
NVIC.TimeBase=TIM1_UP_TIM16_IRQn
SPI2.Mode=SPI_MODE_MASTER
NVIC.TimeBaseIP=TIM1
RCC.LSCOPinFreq_Value=32000
PA10.Signal=USART1_RX
RCC.PLLPoutputFreq_Value=22857142.85714286
RCC.APB1TimFreq_Value=80000000
NVIC.BusFault_IRQn=true\:0\:0\:false\:false\:true\:false\:false\:false
RCC.LPUART1Freq_Value=80000000
PB13.Mode=Full_Duplex_Master
PA13\ (JTMS-SWDIO).Signal=SYS_JTMS-SWDIO
CAN1.CalculateTimeBit=1800.00
PH0-OSC_IN\ (PH0).Mode=HSE-External-Oscillator
PA4.GPIO_Label=LED1
PC6.GPIO_Speed=GPIO_SPEED_FREQ_HIGH
ProjectManager.CustomerFirmwarePackage=
RCC.HSI48_VALUE=48000000
CAN1.CalculateTimeQuantum=200.0
PA5.Mode=Full_Duplex_Master
RCC.PLLQoutputFreq_Value=80000000
ProjectManager.ProjectFileName=cats_rev1.1.ioc
FREERTOS.Tasks01=defaultTask,24,128,StartDefaultTask,Default,NULL,Dynamic,NULL,NULL
ADC1.Rank-0\#ChannelRegularConversion=1
Mcu.PinsNb=53
PC11.Locked=true
ADC1.IPParameters=Rank-0\#ChannelRegularConversion,Channel-0\#ChannelRegularConversion,SamplingTime-0\#ChannelRegularConversion,OffsetNumber-0\#ChannelRegularConversion,NbrOfConversionFlag,master
PC13.Locked=true
ADC1.OffsetNumber-0\#ChannelRegularConversion=ADC_OFFSET_NONE
PC13.Signal=GPIO_Input
CAN1.IPParameters=CalculateTimeQuantum,CalculateTimeBit,CalculateBaudRate,BS1,BS2
RCC.SWPMI1Freq_Value=80000000
CAN1.CalculateBaudRate=555555
PC2.Signal=ADCx_IN3
PC6.Signal=GPIO_Output
PC0.Signal=ADCx_IN1
PB14.Locked=true
PC11.GPIOParameters=GPIO_Speed,PinState,GPIO_Label
QUADSPI.IPParameters=FlashSize
PC3.GPIOParameters=GPIO_Label
PA8.GPIO_Label=PYRO3
PB11.Mode=Single Bank 1
PC12.PinState=GPIO_PIN_SET
Mcu.Pin51=VP_SYS_VS_tim1
Mcu.Pin52=VP_USB_DEVICE_VS_USB_DEVICE_CDC_FS
Mcu.Pin50=VP_RTC_VS_RTC_Activate
PC6.Locked=true
PA9.Signal=USART1_TX
SH.S_TIM2_CH2.ConfNb=1
PB5.Locked=true
Mcu.Pin48=PB9
Mcu.Pin49=VP_FREERTOS_VS_CMSIS_V2
RCC.PLLSAI1PoutputFreq_Value=13714285.714285715
Mcu.Pin46=PB7
Mcu.Pin47=PB8
PB10.Signal=QUADSPI_CLK
PC6.PinState=GPIO_PIN_SET
PB14.Signal=SPI2_MISO
PA5.Signal=SPI1_SCK
Mcu.Pin40=PC12
Mcu.Pin41=PD2
Mcu.Pin44=PB5
Mcu.Pin45=PB6
Mcu.Pin42=PB3 (JTDO-TRACESWO)
Mcu.Pin43=PB4 (NJTRST)
ProjectManager.LastFirmware=true
SH.S_TIM15_CH2.ConfNb=1
Mcu.Pin37=PA15 (JTDI)
PB3\ (JTDO-TRACESWO).GPIOParameters=GPIO_Speed,PinState,GPIO_Label
Mcu.Pin38=PC10
Mcu.Pin35=PA13 (JTMS-SWDIO)
RCC.I2C1Freq_Value=80000000
Mcu.Pin36=PA14 (JTCK-SWCLK)
VP_SYS_VS_tim1.Signal=SYS_VS_tim1
SPI1.Mode=SPI_MODE_MASTER
Mcu.Pin39=PC11
RCC.RNGFreq_Value=48000000
PC2.GPIOParameters=GPIO_Label
Mcu.Pin30=PA8
PA1.GPIO_Label=SERVO2
Mcu.Pin33=PA11
Mcu.Pin34=PA12
Mcu.Pin31=PA9
SH.ADCx_IN4.0=ADC1_IN4,IN4-Single-Ended
Mcu.Pin32=PA10
PA9.Locked=true
NVIC.NonMaskableInt_IRQn=true\:0\:0\:false\:false\:true\:false\:false\:false
PC10.GPIOParameters=GPIO_Label
PB4\ (NJTRST).Mode=Full_Duplex_Master
ProjectManager.FreePins=false
PC9.GPIOParameters=GPIO_Label
RCC.LPTIM2Freq_Value=80000000
Mcu.Pin26=PC6
Mcu.Pin27=PC7
SPI1.NSSPMode=SPI_NSS_PULSE_ENABLE
Mcu.Pin24=PB14
ProjectManager.UnderRoot=true
Mcu.Pin25=PB15
Mcu.Pin28=PC8
PC7.GPIO_Label=CS_BARO2
Mcu.Pin29=PC9
PA13\ (JTMS-SWDIO).Mode=Serial_Wire
PA4.Signal=GPIO_Output
Mcu.Pin22=PB12
PB5.Signal=SPI1_MOSI
Mcu.Pin23=PB13
Mcu.Pin20=PB10
ADC1.master=1
PA3.Locked=true
Mcu.Pin21=PB11
PA10.Locked=true
NVIC.ForceEnableDMAVector=true
NVIC.MemoryManagement_IRQn=true\:0\:0\:false\:false\:true\:false\:false\:false
PC12.GPIO_Label=CS_ACC
ProjectManager.CompilerOptimize=6
PA11.Signal=USB_DM
ProjectManager.HeapSize=0x200
PA0.GPIOParameters=GPIO_Label
Mcu.Pin15=PA6
NVIC.HardFault_IRQn=true\:0\:0\:false\:false\:true\:false\:false\:false
Mcu.Pin16=PA7
PB1.Mode=Single Bank 1
Mcu.Pin13=PA4
Mcu.Pin14=PA5
Mcu.Pin19=PB2
ProjectManager.ComputerToolchain=false
Mcu.Pin17=PB0
Mcu.Pin18=PB1
NVIC.PriorityGroup=NVIC_PRIORITYGROUP_4
Mcu.Pin11=PA2
Mcu.Pin12=PA3
PB8.Mode=CAN_Activate
Mcu.Pin10=PA1
PC3.GPIO_Label=V_BAT
RCC.PWRFreq_Value=80000000
SPI2.DataSize=SPI_DATASIZE_8BIT
PB3\ (JTDO-TRACESWO).GPIO_Speed=GPIO_SPEED_FREQ_HIGH
PD2.Signal=GPIO_Output
RCC.I2C2Freq_Value=80000000
PB0.Signal=QUADSPI_BK1_IO1
PC0.Locked=true
PC1.Signal=ADCx_IN2
PB12.GPIOParameters=GPIO_Speed,PinState,GPIO_Label
PD2.GPIO_Label=CS_IMU2
Mcu.Family=STM32L4
ProjectManager.MainLocation=Core/Src
PA6.Mode=Single Bank 1
USB_DEVICE.CLASS_NAME_FS=CDC
RCC.SAI1Freq_Value=13714285.714285715
RCC.CortexFreq_Value=80000000
ProjectManager.KeepUserCode=true
Mcu.UserName=STM32L433RCTx
NVIC.USB_IRQn=true\:5\:0\:false\:false\:true\:true\:false\:true
PH0-OSC_IN\ (PH0).Signal=RCC_OSC_IN
SH.ADCx_IN2.0=ADC1_IN2,IN2-Single-Ended
PC10.Locked=true
PC10.Signal=GPIO_Output
RCC.PLLSAI1RoutputFreq_Value=48000000
PA0.GPIO_Label=SERVO1
PB3\ (JTDO-TRACESWO).PinState=GPIO_PIN_SET
ProjectManager.functionlistsort=1-MX_GPIO_Init-GPIO-false-HAL-true,2-SystemClock_Config-RCC-false-HAL-false,3-MX_ADC1_Init-ADC1-false-HAL-true,4-MX_CAN1_Init-CAN1-false-HAL-true,5-MX_QUADSPI_Init-QUADSPI-false-HAL-true,6-MX_RTC_Init-RTC-false-HAL-true,7-MX_SPI1_Init-SPI1-false-HAL-true,8-MX_SPI2_Init-SPI2-false-HAL-true,9-MX_TIM2_Init-TIM2-false-HAL-true,10-MX_TIM15_Init-TIM15-false-HAL-true,11-MX_USART1_UART_Init-USART1-false-HAL-true,12-MX_USB_PCD_Init-USB-false-HAL-true
PC0.GPIOParameters=GPIO_Label
PC0.GPIO_Label=V_PYRO1
PA11.Mode=Device
PC9.Locked=true
PD2.GPIO_Speed=GPIO_SPEED_FREQ_HIGH
RCC.USART2Freq_Value=80000000
PD2.Locked=true
TIM2.Channel-PWM\ Generation2\ CH2=TIM_CHANNEL_2
PC13.GPIO_Label=BUTTON
PC1.Locked=true
PB11.Signal=QUADSPI_BK1_NCS
PB15.Signal=SPI2_MOSI
ProjectManager.StackSize=0x400
PB3\ (JTDO-TRACESWO).Signal=GPIO_Output
VP_FREERTOS_VS_CMSIS_V2.Mode=CMSIS_V2
SH.S_TIM15_CH2.0=TIM15_CH2,PWM Generation2 CH2
RCC.I2C3Freq_Value=80000000
Mcu.IP4=QUADSPI
Mcu.IP5=RCC
RCC.FCLKCortexFreq_Value=80000000
Mcu.IP2=FREERTOS
Mcu.IP3=NVIC
Mcu.IP0=ADC1
Mcu.IP1=CAN1
PA12.Signal=USB_DP
Mcu.UserConstants=
RCC.VCOSAI1OutputFreq_Value=96000000
PC1.GPIOParameters=GPIO_Label
RCC.SDMMCFreq_Value=48000000
Mcu.ThirdPartyNb=0
RCC.HCLKFreq_Value=80000000
SH.ADCx_IN3.0=ADC1_IN3,IN3-Single-Ended
Mcu.IPNb=15
ProjectManager.PreviousToolchain=
SH.ADCx_IN3.ConfNb=1
PA8.GPIOParameters=GPIO_Label
Mcu.Pin6=PC1
Mcu.Pin7=PC2
Mcu.Pin8=PC3
Mcu.Pin9=PA0
FREERTOS.IPParameters=Tasks01,configTOTAL_HEAP_SIZE
RCC.AHBFreq_Value=80000000
SPI2.BaudRatePrescaler=SPI_BAUDRATEPRESCALER_4
Mcu.Pin0=PC13
Mcu.Pin1=PC14-OSC32_IN (PC14)
GPIO.groupedBy=Group By Peripherals
Mcu.Pin2=PC15-OSC32_OUT (PC15)
Mcu.Pin3=PH0-OSC_IN (PH0)
Mcu.Pin4=PH1-OSC_OUT (PH1)
Mcu.Pin5=PC0
ADC1.Channel-0\#ChannelRegularConversion=ADC_CHANNEL_1
PH1-OSC_OUT\ (PH1).Mode=HSE-External-Oscillator
RCC.HSE_VALUE=8000000
NVIC.DebugMonitor_IRQn=true\:0\:0\:false\:false\:true\:false\:false\:false
Mcu.IP10=TIM2
NVIC.SysTick_IRQn=true\:15\:0\:false\:false\:false\:true\:false\:true
Mcu.IP12=USART1
Mcu.IP11=TIM15
Mcu.IP14=USB_DEVICE
Mcu.IP13=USB
RCC.VCOInputFreq_Value=4000000
VP_SYS_VS_tim1.Mode=TIM1
PB5.Mode=Full_Duplex_Master
PC11.GPIO_Label=CS_MAG
File.Version=6
PC7.PinState=GPIO_PIN_SET
SH.S_TIM2_CH1.ConfNb=1
PB7.Signal=GPIO_Output
PB8.Locked=true
TIM2.Channel-PWM\ Generation1\ CH1=TIM_CHANNEL_1
PB6.GPIOParameters=GPIO_Label
FREERTOS.configTOTAL_HEAP_SIZE=16000
ProjectManager.ProjectName=cats_rev1.1
PB7.GPIO_Label=IO1
PB4\ (NJTRST).Locked=true
PA6.Signal=QUADSPI_BK1_IO3
ProjectManager.ToolChainLocation=
PA2.GPIO_Label=USB_DET
RCC.LSI_VALUE=32000
VP_USB_DEVICE_VS_USB_DEVICE_CDC_FS.Signal=USB_DEVICE_VS_USB_DEVICE_CDC_FS
SH.ADCx_IN1.0=ADC1_IN1,IN1-Single-Ended
SPI2.Direction=SPI_DIRECTION_2LINES
SPI1.BaudRatePrescaler=SPI_BAUDRATEPRESCALER_32
PC2.GPIO_Label=V_PYRO3
PB15.Locked=true
PB3\ (JTDO-TRACESWO).Locked=true
RCC.PLLSAI1N=24
PA3.Signal=S_TIM15_CH2
PA2.Locked=true
VP_RTC_VS_RTC_Activate.Signal=RTC_VS_RTC_Activate
RCC.MSI_VALUE=4000000
PA14\ (JTCK-SWCLK).Mode=Serial_Wire
SH.S_TIM2_CH1.0=TIM2_CH1,PWM Generation1 CH1
PA7.Mode=Single Bank 1
PC10.GPIO_Label=IO3
PA10.Mode=Asynchronous
PC9.GPIO_Label=PYRO2
ProjectManager.NoMain=false
SPI1.IPParameters=VirtualType,Mode,Direction,CalculateBaudRate,DataSize,BaudRatePrescaler,NSSPMode
USB_DEVICE.VirtualModeFS=Cdc_FS
NVIC.SavedSvcallIrqHandlerGenerated=true
PC11.Signal=GPIO_Output
PC8.Signal=GPIO_Output
ProjectManager.DefaultFWLocation=true
PC15-OSC32_OUT\ (PC15).Signal=RCC_OSC32_OUT
PB12.Locked=true
PB3\ (JTDO-TRACESWO).GPIO_Label=CS_IMU1
ProjectManager.DeletePrevious=true
USB_DEVICE.IPParameters=VirtualMode,VirtualModeFS,CLASS_NAME_FS
RCC.FamilyName=M
PH1-OSC_OUT\ (PH1).Signal=RCC_OSC_OUT
PC8.GPIO_Label=PYRO1
PC12.GPIOParameters=GPIO_Speed,PinState,GPIO_Label
USART1.VirtualMode-Asynchronous=VM_ASYNC
SH.S_TIM2_CH2.0=TIM2_CH2,PWM Generation2 CH2
PA9.Mode=Asynchronous
CAN1.BS2=CAN_BS2_4TQ
CAN1.BS1=CAN_BS1_4TQ
ProjectManager.TargetToolchain=STM32CubeIDE
PB7.GPIOParameters=GPIO_Label
VP_USB_DEVICE_VS_USB_DEVICE_CDC_FS.Mode=CDC_FS
PB9.Mode=CAN_Activate
PB2.GPIOParameters=GPIO_Label
SPI2.IPParameters=VirtualType,Mode,Direction,CalculateBaudRate,DataSize,BaudRatePrescaler
PC2.Locked=true
ProjectManager.RegisterCallBack=
RCC.USBFreq_Value=48000000
TIM15.IPParameters=Channel-PWM Generation2 CH2
PA1.Signal=S_TIM2_CH2
PB12.GPIO_Speed=GPIO_SPEED_FREQ_HIGH
PD2.PinState=GPIO_PIN_SET
PB0.Mode=Single Bank 1
board=custom
PC7.GPIO_Speed=GPIO_SPEED_FREQ_HIGH
RCC.VCOOutputFreq_Value=160000000
PB15.Mode=Full_Duplex_Master
NVIC.SavedSystickIrqHandlerGenerated=true
RCC.APB2Freq_Value=80000000
PC11.PinState=GPIO_PIN_SET
MxCube.Version=6.1.0
PC13.GPIOParameters=GPIO_Label
SH.ADCx_IN2.ConfNb=1
RCC.PLLSAI1QoutputFreq_Value=48000000
RCC.ADCFreq_Value=48000000
PC1.GPIO_Label=V_PYRO2
PA4.GPIOParameters=GPIO_Label
PA15\ (JTDI).GPIO_Label=IO2
RCC.IPParameters=ADCFreq_Value,AHBFreq_Value,APB1Freq_Value,APB1TimFreq_Value,APB2Freq_Value,APB2TimFreq_Value,CortexFreq_Value,FCLKCortexFreq_Value,FamilyName,HCLKFreq_Value,HSE_VALUE,HSI48_VALUE,HSI_VALUE,I2C1Freq_Value,I2C2Freq_Value,I2C3Freq_Value,LPTIM1Freq_Value,LPTIM2Freq_Value,LPUART1Freq_Value,LSCOPinFreq_Value,LSI_VALUE,MCO1PinFreq_Value,MSI_VALUE,PLLN,PLLPoutputFreq_Value,PLLQoutputFreq_Value,PLLRCLKFreq_Value,PLLSAI1N,PLLSAI1PoutputFreq_Value,PLLSAI1QoutputFreq_Value,PLLSAI1RoutputFreq_Value,PWRFreq_Value,RNGFreq_Value,SAI1Freq_Value,SDMMCFreq_Value,SWPMI1Freq_Value,SYSCLKFreq_VALUE,SYSCLKSource,USART1Freq_Value,USART2Freq_Value,USART3Freq_Value,USBFreq_Value,VCOInputFreq_Value,VCOOutputFreq_Value,VCOSAI1OutputFreq_Value
ProjectManager.AskForMigrate=true
Mcu.Name=STM32L433R(B-C)Tx
NVIC.SavedPendsvIrqHandlerGenerated=true
PA2.Signal=GPIO_Input
PB2.Locked=true
Mcu.IP8=SPI2
VP_FREERTOS_VS_CMSIS_V2.Signal=FREERTOS_VS_CMSIS_V2
Mcu.IP9=SYS
Mcu.IP6=RTC
Mcu.IP7=SPI1
ProjectManager.CoupleFile=false
RCC.SYSCLKFreq_VALUE=80000000
PA12.Mode=Device
KeepUserPlacement=false
PC14-OSC32_IN\ (PC14).Signal=RCC_OSC32_IN
PB2.GPIO_Label=LED2
PC6.GPIOParameters=GPIO_Speed,PinState,GPIO_Label
RCC.HSI_VALUE=16000000
NVIC.TIM1_UP_TIM16_IRQn=true\:0\:0\:false\:false\:true\:false\:false\:true
ADC1.NbrOfConversionFlag=1
RCC.PLLN=40
PB7.Locked=true
PB8.Signal=CAN1_RX
PC8.Locked=true
PC9.Signal=GPIO_Output
PA15\ (JTDI).Locked=true
RCC.APB1Freq_Value=80000000
PC12.GPIO_Speed=GPIO_SPEED_FREQ_HIGH
USB_DEVICE.VirtualMode=Cdc
ProjectManager.DeviceId=STM32L433RCTx
PB12.Signal=GPIO_Output
ProjectManager.LibraryCopy=1
PA7.Signal=QUADSPI_BK1_IO2
PB4\ (NJTRST).Signal=SPI1_MISO
isbadioc=false
